
Microsoft Visual Studio Solution File, Format Version 12.00
# Visual Studio 15
Project("{FAE04EC0-301F-11D3-BF4B-00C04F79EFBC}") = "UnityGameFramework.Runtime", "UnityGameFramework.Runtime.csproj", "{4AC2A326-2C54-E6AD-458C-C6D70A69D58B}"
EndProject
Project("{FAE04EC0-301F-11D3-BF4B-00C04F79EFBC}") = "Assembly-CSharp", "Assembly-CSharp.csproj", "{46F76F24-0485-ECD7-ABBE-C301C1C4E900}"
EndProject
Project("{FAE04EC0-301F-11D3-BF4B-00C04F79EFBC}") = "ProbDevice", "ProbDevice.csproj", "{D87F41CC-F7FD-E588-CC93-42B92AB417B3}"
EndProject
Project("{FAE04EC0-301F-11D3-BF4B-00C04F79EFBC}") = "UnityGameFramework.Editor", "UnityGameFramework.Editor.csproj", "{11B59790-74B3-8B2C-65FB-91DDD10023A8}"
EndProject
Project("{FAE04EC0-301F-11D3-BF4B-00C04F79EFBC}") = "Assembly-CSharp-Editor", "Assembly-CSharp-Editor.csproj", "{C9352DDF-1897-7864-1B4C-07A36DAA0CA2}"
EndProject
Global
	GlobalSection(SolutionConfigurationPlatforms) = preSolution
		Debug|Any CPU = Debug|Any CPU
		Release|Any CPU = Release|Any CPU
	EndGlobalSection
	GlobalSection(ProjectConfigurationPlatforms) = postSolution
		{4AC2A326-2C54-E6AD-458C-C6D70A69D58B}.Debug|Any CPU.ActiveCfg = Debug|Any CPU
		{4AC2A326-2C54-E6AD-458C-C6D70A69D58B}.Debug|Any CPU.Build.0 = Debug|Any CPU
		{4AC2A326-2C54-E6AD-458C-C6D70A69D58B}.Release|Any CPU.ActiveCfg = Release|Any CPU
		{4AC2A326-2C54-E6AD-458C-C6D70A69D58B}.Release|Any CPU.Build.0 = Release|Any CPU
		{46F76F24-0485-ECD7-ABBE-C301C1C4E900}.Debug|Any CPU.ActiveCfg = Debug|Any CPU
		{46F76F24-0485-ECD7-ABBE-C301C1C4E900}.Debug|Any CPU.Build.0 = Debug|Any CPU
		{46F76F24-0485-ECD7-ABBE-C301C1C4E900}.Release|Any CPU.ActiveCfg = Release|Any CPU
		{46F76F24-0485-ECD7-ABBE-C301C1C4E900}.Release|Any CPU.Build.0 = Release|Any CPU
		{D87F41CC-F7FD-E588-CC93-42B92AB417B3}.Debug|Any CPU.ActiveCfg = Debug|Any CPU
		{D87F41CC-F7FD-E588-CC93-42B92AB417B3}.Debug|Any CPU.Build.0 = Debug|Any CPU
		{D87F41CC-F7FD-E588-CC93-42B92AB417B3}.Release|Any CPU.ActiveCfg = Release|Any CPU
		{D87F41CC-F7FD-E588-CC93-42B92AB417B3}.Release|Any CPU.Build.0 = Release|Any CPU
		{11B59790-74B3-8B2C-65FB-91DDD10023A8}.Debug|Any CPU.ActiveCfg = Debug|Any CPU
		{11B59790-74B3-8B2C-65FB-91DDD10023A8}.Debug|Any CPU.Build.0 = Debug|Any CPU
		{11B59790-74B3-8B2C-65FB-91DDD10023A8}.Release|Any CPU.ActiveCfg = Release|Any CPU
		{11B59790-74B3-8B2C-65FB-91DDD10023A8}.Release|Any CPU.Build.0 = Release|Any CPU
		{C9352DDF-1897-7864-1B4C-07A36DAA0CA2}.Debug|Any CPU.ActiveCfg = Debug|Any CPU
		{C9352DDF-1897-7864-1B4C-07A36DAA0CA2}.Debug|Any CPU.Build.0 = Debug|Any CPU
		{C9352DDF-1897-7864-1B4C-07A36DAA0CA2}.Release|Any CPU.ActiveCfg = Release|Any CPU
		{C9352DDF-1897-7864-1B4C-07A36DAA0CA2}.Release|Any CPU.Build.0 = Release|Any CPU
	EndGlobalSection
	GlobalSection(SolutionProperties) = preSolution
		HideSolutionNode = FALSE
	EndGlobalSection
EndGlobal
